
Microsoft Visual Studio Solution File, Format Version 12.00
# Visual Studio Version 16
VisualStudioVersion = 16.0.31729.503
MinimumVisualStudioVersion = 10.0.40219.1
Project("{9A19103F-16F7-4668-BE54-9A1E7A4F7556}") = "Variable_and_constant", "Variable_and_constant\Variable_and_constant.csproj", "{5641068F-BE0F-41DB-81F4-48F63E8FA094}"
EndProject
Project("{9A19103F-16F7-4668-BE54-9A1E7A4F7556}") = "Literals", "Literals\Literals.csproj", "{55D6768D-E67D-4EDA-BBDF-7AA27BE14064}"
EndProject
Project("{9A19103F-16F7-4668-BE54-9A1E7A4F7556}") = "Data types", "Data types\Data types.csproj", "{705437F8-1925-44CC-ACF9-061A7B7F9C6D}"
EndProject
Project("{9A19103F-16F7-4668-BE54-9A1E7A4F7556}") = "Console Input- Output", "Console Input- Output\Console Input- Output.csproj", "{19AC87E1-A327-45F4-BD35-B9B1E0CDE024}"
EndProject
Project("{9A19103F-16F7-4668-BE54-9A1E7A4F7556}") = "Arithmetic operations", "Arithmetic operations\Arithmetic operations.csproj", "{4D18579C-EF65-49B4-BD3F-DF90026E9EF6}"
EndProject
Project("{9A19103F-16F7-4668-BE54-9A1E7A4F7556}") = "Bitwise_operations", "Bitwise_operations\Bitwise_operations.csproj", "{1A2F92AA-88D4-40B5-B10E-34B357326D38}"
EndProject
Project("{9A19103F-16F7-4668-BE54-9A1E7A4F7556}") = "Assignment_operations", "Assignment_operations\Assignment_operations.csproj", "{B9B6F45E-690F-4FD3-B895-EB4C53AF5FB4}"
EndProject
Project("{9A19103F-16F7-4668-BE54-9A1E7A4F7556}") = "Conditional_expressions", "Conditional_expressions\Conditional_expressions.csproj", "{5A3AF8CF-CE53-451D-A9E0-DD6241D94827}"
EndProject
Project("{9A19103F-16F7-4668-BE54-9A1E7A4F7556}") = "If_else_Construction_and_Ternary_operation", "If_else_Construction_and_Ternary_operation\If_else_Construction_and_Ternary_operation.csproj", "{0075AB5F-0B15-4045-A83E-5F39B0FF0D15}"
EndProject
Project("{9A19103F-16F7-4668-BE54-9A1E7A4F7556}") = "Cycles", "Cycles\Cycles.csproj", "{BEA275DE-45A3-4C21-8DEE-94E550C1F55F}"
EndProject
Project("{9A19103F-16F7-4668-BE54-9A1E7A4F7556}") = "Arrays", "Arrays\Arrays.csproj", "{3EA9529A-5E76-4453-AD53-8917B065453D}"
EndProject
Project("{9A19103F-16F7-4668-BE54-9A1E7A4F7556}") = "Methods", "Methods\Methods.csproj", "{6EAF7BC5-D5DD-460E-B1C5-4107EC1A7AA8}"
EndProject
Project("{9A19103F-16F7-4668-BE54-9A1E7A4F7556}") = "Parameters of methods", "Parameters of methods\Parameters of methods.csproj", "{FA647E29-BF62-4F69-8D6D-94E8309549E4}"
EndProject
Project("{9A19103F-16F7-4668-BE54-9A1E7A4F7556}") = "Return value and RETURN operator", "Return value and RETURN operator\Return value and RETURN operator.csproj", "{8B798341-BFDD-4CEF-854C-4B153DE749E4}"
EndProject
Project("{FAE04EC0-301F-11D3-BF4B-00C04F79EFBC}") = "Transfer of parameters for reference and value_Output parameters", "Transfer of parameters for reference and value_Output parameters\Transfer of parameters for reference and value_Output parameters.csproj", "{A012395E-AF65-4A8D-9535-BC8C2DF7A37C}"
EndProject
Project("{FAE04EC0-301F-11D3-BF4B-00C04F79EFBC}") = "Array parameters and keyword Params", "Array parameters and keyword Params\Array parameters and keyword Params.csproj", "{68685D57-82EC-434E-B943-31010D87D5D0}"
EndProject
Project("{FAE04EC0-301F-11D3-BF4B-00C04F79EFBC}") = "Recursive functions", "Recursive functions\Recursive functions.csproj", "{68CA8748-4386-495C-A84F-4BCDB5866E3B}"
EndProject
Global
	GlobalSection(SolutionConfigurationPlatforms) = preSolution
		Debug|Any CPU = Debug|Any CPU
		Release|Any CPU = Release|Any CPU
	EndGlobalSection
	GlobalSection(ProjectConfigurationPlatforms) = postSolution
		{5641068F-BE0F-41DB-81F4-48F63E8FA094}.Debug|Any CPU.ActiveCfg = Debug|Any CPU
		{5641068F-BE0F-41DB-81F4-48F63E8FA094}.Debug|Any CPU.Build.0 = Debug|Any CPU
		{5641068F-BE0F-41DB-81F4-48F63E8FA094}.Release|Any CPU.ActiveCfg = Release|Any CPU
		{5641068F-BE0F-41DB-81F4-48F63E8FA094}.Release|Any CPU.Build.0 = Release|Any CPU
		{55D6768D-E67D-4EDA-BBDF-7AA27BE14064}.Debug|Any CPU.ActiveCfg = Debug|Any CPU
		{55D6768D-E67D-4EDA-BBDF-7AA27BE14064}.Debug|Any CPU.Build.0 = Debug|Any CPU
		{55D6768D-E67D-4EDA-BBDF-7AA27BE14064}.Release|Any CPU.ActiveCfg = Release|Any CPU
		{55D6768D-E67D-4EDA-BBDF-7AA27BE14064}.Release|Any CPU.Build.0 = Release|Any CPU
		{705437F8-1925-44CC-ACF9-061A7B7F9C6D}.Debug|Any CPU.ActiveCfg = Debug|Any CPU
		{705437F8-1925-44CC-ACF9-061A7B7F9C6D}.Debug|Any CPU.Build.0 = Debug|Any CPU
		{705437F8-1925-44CC-ACF9-061A7B7F9C6D}.Release|Any CPU.ActiveCfg = Release|Any CPU
		{705437F8-1925-44CC-ACF9-061A7B7F9C6D}.Release|Any CPU.Build.0 = Release|Any CPU
		{19AC87E1-A327-45F4-BD35-B9B1E0CDE024}.Debug|Any CPU.ActiveCfg = Debug|Any CPU
		{19AC87E1-A327-45F4-BD35-B9B1E0CDE024}.Debug|Any CPU.Build.0 = Debug|Any CPU
		{19AC87E1-A327-45F4-BD35-B9B1E0CDE024}.Release|Any CPU.ActiveCfg = Release|Any CPU
		{19AC87E1-A327-45F4-BD35-B9B1E0CDE024}.Release|Any CPU.Build.0 = Release|Any CPU
		{4D18579C-EF65-49B4-BD3F-DF90026E9EF6}.Debug|Any CPU.ActiveCfg = Debug|Any CPU
		{4D18579C-EF65-49B4-BD3F-DF90026E9EF6}.Debug|Any CPU.Build.0 = Debug|Any CPU
		{4D18579C-EF65-49B4-BD3F-DF90026E9EF6}.Release|Any CPU.ActiveCfg = Release|Any CPU
		{4D18579C-EF65-49B4-BD3F-DF90026E9EF6}.Release|Any CPU.Build.0 = Release|Any CPU
		{1A2F92AA-88D4-40B5-B10E-34B357326D38}.Debug|Any CPU.ActiveCfg = Debug|Any CPU
		{1A2F92AA-88D4-40B5-B10E-34B357326D38}.Debug|Any CPU.Build.0 = Debug|Any CPU
		{1A2F92AA-88D4-40B5-B10E-34B357326D38}.Release|Any CPU.ActiveCfg = Release|Any CPU
		{1A2F92AA-88D4-40B5-B10E-34B357326D38}.Release|Any CPU.Build.0 = Release|Any CPU
		{B9B6F45E-690F-4FD3-B895-EB4C53AF5FB4}.Debug|Any CPU.ActiveCfg = Debug|Any CPU
		{B9B6F45E-690F-4FD3-B895-EB4C53AF5FB4}.Debug|Any CPU.Build.0 = Debug|Any CPU
		{B9B6F45E-690F-4FD3-B895-EB4C53AF5FB4}.Release|Any CPU.ActiveCfg = Release|Any CPU
		{B9B6F45E-690F-4FD3-B895-EB4C53AF5FB4}.Release|Any CPU.Build.0 = Release|Any CPU
		{5A3AF8CF-CE53-451D-A9E0-DD6241D94827}.Debug|Any CPU.ActiveCfg = Debug|Any CPU
		{5A3AF8CF-CE53-451D-A9E0-DD6241D94827}.Debug|Any CPU.Build.0 = Debug|Any CPU
		{5A3AF8CF-CE53-451D-A9E0-DD6241D94827}.Release|Any CPU.ActiveCfg = Release|Any CPU
		{5A3AF8CF-CE53-451D-A9E0-DD6241D94827}.Release|Any CPU.Build.0 = Release|Any CPU
		{0075AB5F-0B15-4045-A83E-5F39B0FF0D15}.Debug|Any CPU.ActiveCfg = Debug|Any CPU
		{0075AB5F-0B15-4045-A83E-5F39B0FF0D15}.Debug|Any CPU.Build.0 = Debug|Any CPU
		{0075AB5F-0B15-4045-A83E-5F39B0FF0D15}.Release|Any CPU.ActiveCfg = Release|Any CPU
		{0075AB5F-0B15-4045-A83E-5F39B0FF0D15}.Release|Any CPU.Build.0 = Release|Any CPU
		{BEA275DE-45A3-4C21-8DEE-94E550C1F55F}.Debug|Any CPU.ActiveCfg = Debug|Any CPU
		{BEA275DE-45A3-4C21-8DEE-94E550C1F55F}.Debug|Any CPU.Build.0 = Debug|Any CPU
		{BEA275DE-45A3-4C21-8DEE-94E550C1F55F}.Release|Any CPU.ActiveCfg = Release|Any CPU
		{BEA275DE-45A3-4C21-8DEE-94E550C1F55F}.Release|Any CPU.Build.0 = Release|Any CPU
		{3EA9529A-5E76-4453-AD53-8917B065453D}.Debug|Any CPU.ActiveCfg = Debug|Any CPU
		{3EA9529A-5E76-4453-AD53-8917B065453D}.Debug|Any CPU.Build.0 = Debug|Any CPU
		{3EA9529A-5E76-4453-AD53-8917B065453D}.Release|Any CPU.ActiveCfg = Release|Any CPU
		{3EA9529A-5E76-4453-AD53-8917B065453D}.Release|Any CPU.Build.0 = Release|Any CPU
		{6EAF7BC5-D5DD-460E-B1C5-4107EC1A7AA8}.Debug|Any CPU.ActiveCfg = Debug|Any CPU
		{6EAF7BC5-D5DD-460E-B1C5-4107EC1A7AA8}.Debug|Any CPU.Build.0 = Debug|Any CPU
		{6EAF7BC5-D5DD-460E-B1C5-4107EC1A7AA8}.Release|Any CPU.ActiveCfg = Release|Any CPU
		{6EAF7BC5-D5DD-460E-B1C5-4107EC1A7AA8}.Release|Any CPU.Build.0 = Release|Any CPU
		{FA647E29-BF62-4F69-8D6D-94E8309549E4}.Debug|Any CPU.ActiveCfg = Debug|Any CPU
		{FA647E29-BF62-4F69-8D6D-94E8309549E4}.Debug|Any CPU.Build.0 = Debug|Any CPU
		{FA647E29-BF62-4F69-8D6D-94E8309549E4}.Release|Any CPU.ActiveCfg = Release|Any CPU
		{FA647E29-BF62-4F69-8D6D-94E8309549E4}.Release|Any CPU.Build.0 = Release|Any CPU
		{8B798341-BFDD-4CEF-854C-4B153DE749E4}.Debug|Any CPU.ActiveCfg = Debug|Any CPU
		{8B798341-BFDD-4CEF-854C-4B153DE749E4}.Debug|Any CPU.Build.0 = Debug|Any CPU
		{8B798341-BFDD-4CEF-854C-4B153DE749E4}.Release|Any CPU.ActiveCfg = Release|Any CPU
		{8B798341-BFDD-4CEF-854C-4B153DE749E4}.Release|Any CPU.Build.0 = Release|Any CPU
		{A012395E-AF65-4A8D-9535-BC8C2DF7A37C}.Debug|Any CPU.ActiveCfg = Debug|Any CPU
		{A012395E-AF65-4A8D-9535-BC8C2DF7A37C}.Debug|Any CPU.Build.0 = Debug|Any CPU
		{A012395E-AF65-4A8D-9535-BC8C2DF7A37C}.Release|Any CPU.ActiveCfg = Release|Any CPU
		{A012395E-AF65-4A8D-9535-BC8C2DF7A37C}.Release|Any CPU.Build.0 = Release|Any CPU
		{68685D57-82EC-434E-B943-31010D87D5D0}.Debug|Any CPU.ActiveCfg = Debug|Any CPU
		{68685D57-82EC-434E-B943-31010D87D5D0}.Debug|Any CPU.Build.0 = Debug|Any CPU
		{68685D57-82EC-434E-B943-31010D87D5D0}.Release|Any CPU.ActiveCfg = Release|Any CPU
		{68685D57-82EC-434E-B943-31010D87D5D0}.Release|Any CPU.Build.0 = Release|Any CPU
		{68CA8748-4386-495C-A84F-4BCDB5866E3B}.Debug|Any CPU.ActiveCfg = Debug|Any CPU
		{68CA8748-4386-495C-A84F-4BCDB5866E3B}.Debug|Any CPU.Build.0 = Debug|Any CPU
		{68CA8748-4386-495C-A84F-4BCDB5866E3B}.Release|Any CPU.ActiveCfg = Release|Any CPU
		{68CA8748-4386-495C-A84F-4BCDB5866E3B}.Release|Any CPU.Build.0 = Release|Any CPU
	EndGlobalSection
	GlobalSection(SolutionProperties) = preSolution
		HideSolutionNode = FALSE
	EndGlobalSection
	GlobalSection(ExtensibilityGlobals) = postSolution
		SolutionGuid = {0204D3B1-C20D-4027-B1C9-6B033B4D2B6D}
	EndGlobalSection
EndGlobal
